
Microsoft Visual Studio Solution File, Format Version 12.00
# Visual Studio Version 17
VisualStudioVersion = 17.11.35312.102
MinimumVisualStudioVersion = 10.0.40219.1
Project("{9A19103F-16F7-4668-BE54-9A1E7A4F7556}") = "laba", "WinFormsApp1\laba.csproj", "{374EB452-CFCD-4772-B680-41A51A2C97BC}"
EndProject
Global
	GlobalSection(SolutionConfigurationPlatforms) = preSolution
		Debug|Any CPU = Debug|Any CPU
		Release|Any CPU = Release|Any CPU
	EndGlobalSection
	GlobalSection(ProjectConfigurationPlatforms) = postSolution
		{374EB452-CFCD-4772-B680-41A51A2C97BC}.Debug|Any CPU.ActiveCfg = Debug|Any CPU
		{374EB452-CFCD-4772-B680-41A51A2C97BC}.Debug|Any CPU.Build.0 = Debug|Any CPU
		{374EB452-CFCD-4772-B680-41A51A2C97BC}.Release|Any CPU.ActiveCfg = Release|Any CPU
		{374EB452-CFCD-4772-B680-41A51A2C97BC}.Release|Any CPU.Build.0 = Release|Any CPU
	EndGlobalSection
	GlobalSection(SolutionProperties) = preSolution
		HideSolutionNode = FALSE
	EndGlobalSection
	GlobalSection(ExtensibilityGlobals) = postSolution
		SolutionGuid = {B6B92C7F-3219-4116-8D8C-1C08321EBFA4}
	EndGlobalSection
EndGlobal
